
Microsoft Visual Studio Solution File, Format Version 12.00
# Visual Studio 15
VisualStudioVersion = 15.0.27130.2003
MinimumVisualStudioVersion = 10.0.40219.1
Project("{2150E333-8FDC-42A3-9474-1A3956D46DE8}") = "Solution Items", "Solution Items", "{695A146A-7932-4037-BE99-CF9A71EF83B5}"
	ProjectSection(SolutionItems) = preProject
		README.md = README.md
	EndProjectSection
EndProject
Project("{9A19103F-16F7-4668-BE54-9A1E7A4F7556}") = "UdpLibrary", "UdpLibrary\UdpLibrary.csproj", "{8E6B39AB-FADC-44C7-A7DC-FA6680CD88E9}"
EndProject
Project("{9A19103F-16F7-4668-BE54-9A1E7A4F7556}") = "UdpDemo", "UdpDemo\UdpDemo.csproj", "{F778F302-9F98-4C7C-8832-6DCE6C841B9E}"
EndProject
Project("{9A19103F-16F7-4668-BE54-9A1E7A4F7556}") = "UdpTests", "UdpTests\UdpTests.csproj", "{AFC9228D-FCED-47B7-B3C4-5C3D35D3F8C2}"
EndProject
Project("{9A19103F-16F7-4668-BE54-9A1E7A4F7556}") = "WsLibrary", "WsLibrary\WsLibrary.csproj", "{E2316D98-3FD6-468C-B9BC-CC46F6F27F5E}"
EndProject
Project("{9A19103F-16F7-4668-BE54-9A1E7A4F7556}") = "WsTests", "WsTests\WsTests.csproj", "{B5281BD6-13B1-4F45-95EE-09948B55626F}"
EndProject
Project("{9A19103F-16F7-4668-BE54-9A1E7A4F7556}") = "WsDemo", "WsDemo\WsDemo.csproj", "{6C081622-3CE0-4035-A0E3-8A3EC957BE05}"
EndProject
Global
	GlobalSection(SolutionConfigurationPlatforms) = preSolution
		Debug|Any CPU = Debug|Any CPU
		Release|Any CPU = Release|Any CPU
	EndGlobalSection
	GlobalSection(ProjectConfigurationPlatforms) = postSolution
		{8E6B39AB-FADC-44C7-A7DC-FA6680CD88E9}.Debug|Any CPU.ActiveCfg = Debug|Any CPU
		{8E6B39AB-FADC-44C7-A7DC-FA6680CD88E9}.Debug|Any CPU.Build.0 = Debug|Any CPU
		{8E6B39AB-FADC-44C7-A7DC-FA6680CD88E9}.Release|Any CPU.ActiveCfg = Release|Any CPU
		{8E6B39AB-FADC-44C7-A7DC-FA6680CD88E9}.Release|Any CPU.Build.0 = Release|Any CPU
		{F778F302-9F98-4C7C-8832-6DCE6C841B9E}.Debug|Any CPU.ActiveCfg = Debug|Any CPU
		{F778F302-9F98-4C7C-8832-6DCE6C841B9E}.Debug|Any CPU.Build.0 = Debug|Any CPU
		{F778F302-9F98-4C7C-8832-6DCE6C841B9E}.Release|Any CPU.ActiveCfg = Release|Any CPU
		{F778F302-9F98-4C7C-8832-6DCE6C841B9E}.Release|Any CPU.Build.0 = Release|Any CPU
		{AFC9228D-FCED-47B7-B3C4-5C3D35D3F8C2}.Debug|Any CPU.ActiveCfg = Debug|Any CPU
		{AFC9228D-FCED-47B7-B3C4-5C3D35D3F8C2}.Debug|Any CPU.Build.0 = Debug|Any CPU
		{AFC9228D-FCED-47B7-B3C4-5C3D35D3F8C2}.Release|Any CPU.ActiveCfg = Release|Any CPU
		{AFC9228D-FCED-47B7-B3C4-5C3D35D3F8C2}.Release|Any CPU.Build.0 = Release|Any CPU
		{E2316D98-3FD6-468C-B9BC-CC46F6F27F5E}.Debug|Any CPU.ActiveCfg = Debug|Any CPU
		{E2316D98-3FD6-468C-B9BC-CC46F6F27F5E}.Debug|Any CPU.Build.0 = Debug|Any CPU
		{E2316D98-3FD6-468C-B9BC-CC46F6F27F5E}.Release|Any CPU.ActiveCfg = Release|Any CPU
		{E2316D98-3FD6-468C-B9BC-CC46F6F27F5E}.Release|Any CPU.Build.0 = Release|Any CPU
		{B5281BD6-13B1-4F45-95EE-09948B55626F}.Debug|Any CPU.ActiveCfg = Debug|Any CPU
		{B5281BD6-13B1-4F45-95EE-09948B55626F}.Debug|Any CPU.Build.0 = Debug|Any CPU
		{B5281BD6-13B1-4F45-95EE-09948B55626F}.Release|Any CPU.ActiveCfg = Release|Any CPU
		{B5281BD6-13B1-4F45-95EE-09948B55626F}.Release|Any CPU.Build.0 = Release|Any CPU
		{6C081622-3CE0-4035-A0E3-8A3EC957BE05}.Debug|Any CPU.ActiveCfg = Debug|Any CPU
		{6C081622-3CE0-4035-A0E3-8A3EC957BE05}.Debug|Any CPU.Build.0 = Debug|Any CPU
		{6C081622-3CE0-4035-A0E3-8A3EC957BE05}.Release|Any CPU.ActiveCfg = Release|Any CPU
		{6C081622-3CE0-4035-A0E3-8A3EC957BE05}.Release|Any CPU.Build.0 = Release|Any CPU
	EndGlobalSection
	GlobalSection(SolutionProperties) = preSolution
		HideSolutionNode = FALSE
	EndGlobalSection
	GlobalSection(ExtensibilityGlobals) = postSolution
		SolutionGuid = {BB02B236-CAC4-4341-9D01-65D6C4225795}
	EndGlobalSection
EndGlobal
