
Microsoft Visual Studio Solution File, Format Version 12.00
# Visual Studio 15
VisualStudioVersion = 15.0.27130.2003
MinimumVisualStudioVersion = 10.0.40219.1
Project("{9A19103F-16F7-4668-BE54-9A1E7A4F7556}") = "Library", "Library\Library.csproj", "{B61AAE1F-C098-4D90-8DF0-8789F13B405B}"
EndProject
Project("{2150E333-8FDC-42A3-9474-1A3956D46DE8}") = "Solution Items", "Solution Items", "{5A140B5E-7EF7-49A9-ADBF-D5ED9429C540}"
EndProject
Project("{9A19103F-16F7-4668-BE54-9A1E7A4F7556}") = "Demo", "Demo\Demo.csproj", "{B250B00E-E290-4766-B82D-70E76731C209}"
EndProject
Project("{9A19103F-16F7-4668-BE54-9A1E7A4F7556}") = "LibraryTests", "LibraryTests\LibraryTests.csproj", "{CBD4AF6C-EF04-41C8-A786-C9ECB9D46C12}"
EndProject
Global
	GlobalSection(SolutionConfigurationPlatforms) = preSolution
		Debug|Any CPU = Debug|Any CPU
		Release|Any CPU = Release|Any CPU
	EndGlobalSection
	GlobalSection(ProjectConfigurationPlatforms) = postSolution
		{B61AAE1F-C098-4D90-8DF0-8789F13B405B}.Debug|Any CPU.ActiveCfg = Debug|Any CPU
		{B61AAE1F-C098-4D90-8DF0-8789F13B405B}.Debug|Any CPU.Build.0 = Debug|Any CPU
		{B61AAE1F-C098-4D90-8DF0-8789F13B405B}.Release|Any CPU.ActiveCfg = Release|Any CPU
		{B61AAE1F-C098-4D90-8DF0-8789F13B405B}.Release|Any CPU.Build.0 = Release|Any CPU
		{B250B00E-E290-4766-B82D-70E76731C209}.Debug|Any CPU.ActiveCfg = Debug|Any CPU
		{B250B00E-E290-4766-B82D-70E76731C209}.Debug|Any CPU.Build.0 = Debug|Any CPU
		{B250B00E-E290-4766-B82D-70E76731C209}.Release|Any CPU.ActiveCfg = Release|Any CPU
		{B250B00E-E290-4766-B82D-70E76731C209}.Release|Any CPU.Build.0 = Release|Any CPU
		{CBD4AF6C-EF04-41C8-A786-C9ECB9D46C12}.Debug|Any CPU.ActiveCfg = Debug|Any CPU
		{CBD4AF6C-EF04-41C8-A786-C9ECB9D46C12}.Debug|Any CPU.Build.0 = Debug|Any CPU
		{CBD4AF6C-EF04-41C8-A786-C9ECB9D46C12}.Release|Any CPU.ActiveCfg = Release|Any CPU
		{CBD4AF6C-EF04-41C8-A786-C9ECB9D46C12}.Release|Any CPU.Build.0 = Release|Any CPU
	EndGlobalSection
	GlobalSection(SolutionProperties) = preSolution
		HideSolutionNode = FALSE
	EndGlobalSection
	GlobalSection(ExtensibilityGlobals) = postSolution
		SolutionGuid = {F18DE552-12E8-42EC-9F3A-511800F8F549}
	EndGlobalSection
EndGlobal
