
Microsoft Visual Studio Solution File, Format Version 12.00
# Visual Studio 15
VisualStudioVersion = 15.0.27130.2003
MinimumVisualStudioVersion = 10.0.40219.1
Project("{9A19103F-16F7-4668-BE54-9A1E7A4F7556}") = "Library", "Library\Library.csproj", "{349124F8-A46F-41EB-BD49-3BDD367B45A8}"
EndProject
Global
	GlobalSection(SolutionConfigurationPlatforms) = preSolution
		Debug|Any CPU = Debug|Any CPU
		Release|Any CPU = Release|Any CPU
	EndGlobalSection
	GlobalSection(ProjectConfigurationPlatforms) = postSolution
		{349124F8-A46F-41EB-BD49-3BDD367B45A8}.Debug|Any CPU.ActiveCfg = Debug|Any CPU
		{349124F8-A46F-41EB-BD49-3BDD367B45A8}.Debug|Any CPU.Build.0 = Debug|Any CPU
		{349124F8-A46F-41EB-BD49-3BDD367B45A8}.Release|Any CPU.ActiveCfg = Release|Any CPU
		{349124F8-A46F-41EB-BD49-3BDD367B45A8}.Release|Any CPU.Build.0 = Release|Any CPU
	EndGlobalSection
	GlobalSection(SolutionProperties) = preSolution
		HideSolutionNode = FALSE
	EndGlobalSection
	GlobalSection(ExtensibilityGlobals) = postSolution
		SolutionGuid = {BB02B236-CAC4-4341-9D01-65D6C4225795}
	EndGlobalSection
EndGlobal
