
Microsoft Visual Studio Solution File, Format Version 12.00
# Visual Studio 15
VisualStudioVersion = 15.0.27130.2003
MinimumVisualStudioVersion = 10.0.40219.1
Project("{9A19103F-16F7-4668-BE54-9A1E7A4F7556}") = "Library", "Library\Library.csproj", "{349124F8-A46F-41EB-BD49-3BDD367B45A8}"
EndProject
Project("{9A19103F-16F7-4668-BE54-9A1E7A4F7556}") = "Tests", "Tests\Tests.csproj", "{7C9CCC37-CC93-4079-9B8A-0FAE7AF8AC88}"
EndProject
Project("{9A19103F-16F7-4668-BE54-9A1E7A4F7556}") = "Demo", "Demo\Demo.csproj", "{6F2E4B42-6E99-4148-93FB-5DF539164C6A}"
EndProject
Project("{2150E333-8FDC-42A3-9474-1A3956D46DE8}") = "Solution Items", "Solution Items", "{695A146A-7932-4037-BE99-CF9A71EF83B5}"
	ProjectSection(SolutionItems) = preProject
		README.md = README.md
	EndProjectSection
EndProject
Global
	GlobalSection(SolutionConfigurationPlatforms) = preSolution
		Debug|Any CPU = Debug|Any CPU
		Release|Any CPU = Release|Any CPU
	EndGlobalSection
	GlobalSection(ProjectConfigurationPlatforms) = postSolution
		{349124F8-A46F-41EB-BD49-3BDD367B45A8}.Debug|Any CPU.ActiveCfg = Debug|Any CPU
		{349124F8-A46F-41EB-BD49-3BDD367B45A8}.Debug|Any CPU.Build.0 = Debug|Any CPU
		{349124F8-A46F-41EB-BD49-3BDD367B45A8}.Release|Any CPU.ActiveCfg = Release|Any CPU
		{349124F8-A46F-41EB-BD49-3BDD367B45A8}.Release|Any CPU.Build.0 = Release|Any CPU
		{7C9CCC37-CC93-4079-9B8A-0FAE7AF8AC88}.Debug|Any CPU.ActiveCfg = Debug|Any CPU
		{7C9CCC37-CC93-4079-9B8A-0FAE7AF8AC88}.Debug|Any CPU.Build.0 = Debug|Any CPU
		{7C9CCC37-CC93-4079-9B8A-0FAE7AF8AC88}.Release|Any CPU.ActiveCfg = Release|Any CPU
		{7C9CCC37-CC93-4079-9B8A-0FAE7AF8AC88}.Release|Any CPU.Build.0 = Release|Any CPU
		{6F2E4B42-6E99-4148-93FB-5DF539164C6A}.Debug|Any CPU.ActiveCfg = Debug|Any CPU
		{6F2E4B42-6E99-4148-93FB-5DF539164C6A}.Debug|Any CPU.Build.0 = Debug|Any CPU
		{6F2E4B42-6E99-4148-93FB-5DF539164C6A}.Release|Any CPU.ActiveCfg = Release|Any CPU
		{6F2E4B42-6E99-4148-93FB-5DF539164C6A}.Release|Any CPU.Build.0 = Release|Any CPU
	EndGlobalSection
	GlobalSection(SolutionProperties) = preSolution
		HideSolutionNode = FALSE
	EndGlobalSection
	GlobalSection(ExtensibilityGlobals) = postSolution
		SolutionGuid = {BB02B236-CAC4-4341-9D01-65D6C4225795}
	EndGlobalSection
EndGlobal
