
Microsoft Visual Studio Solution File, Format Version 12.00
# Visual Studio 15
VisualStudioVersion = 15.0.27130.2003
MinimumVisualStudioVersion = 10.0.40219.1
Project("{2150E333-8FDC-42A3-9474-1A3956D46DE8}") = "Solution Items", "Solution Items", "{5A140B5E-7EF7-49A9-ADBF-D5ED9429C540}"
EndProject
Project("{9A19103F-16F7-4668-BE54-9A1E7A4F7556}") = "WsLibrary", "WsLibrary\WsLibrary.csproj", "{37CFC594-177D-40EB-9C86-41C2BD3CA51F}"
EndProject
Project("{9A19103F-16F7-4668-BE54-9A1E7A4F7556}") = "WsTests", "WsTests\WsTests.csproj", "{B7E396A2-937C-474C-BE01-07FAA672F689}"
EndProject
Project("{9A19103F-16F7-4668-BE54-9A1E7A4F7556}") = "WsDemo", "WsDemo\WsDemo.csproj", "{B37F88B6-1F48-4665-BE91-FA9EFEC42BD7}"
EndProject
Global
	GlobalSection(SolutionConfigurationPlatforms) = preSolution
		Debug|Any CPU = Debug|Any CPU
		Release|Any CPU = Release|Any CPU
	EndGlobalSection
	GlobalSection(ProjectConfigurationPlatforms) = postSolution
		{37CFC594-177D-40EB-9C86-41C2BD3CA51F}.Debug|Any CPU.ActiveCfg = Debug|Any CPU
		{37CFC594-177D-40EB-9C86-41C2BD3CA51F}.Debug|Any CPU.Build.0 = Debug|Any CPU
		{37CFC594-177D-40EB-9C86-41C2BD3CA51F}.Release|Any CPU.ActiveCfg = Release|Any CPU
		{37CFC594-177D-40EB-9C86-41C2BD3CA51F}.Release|Any CPU.Build.0 = Release|Any CPU
		{B7E396A2-937C-474C-BE01-07FAA672F689}.Debug|Any CPU.ActiveCfg = Debug|Any CPU
		{B7E396A2-937C-474C-BE01-07FAA672F689}.Debug|Any CPU.Build.0 = Debug|Any CPU
		{B7E396A2-937C-474C-BE01-07FAA672F689}.Release|Any CPU.ActiveCfg = Release|Any CPU
		{B7E396A2-937C-474C-BE01-07FAA672F689}.Release|Any CPU.Build.0 = Release|Any CPU
		{B37F88B6-1F48-4665-BE91-FA9EFEC42BD7}.Debug|Any CPU.ActiveCfg = Debug|Any CPU
		{B37F88B6-1F48-4665-BE91-FA9EFEC42BD7}.Debug|Any CPU.Build.0 = Debug|Any CPU
		{B37F88B6-1F48-4665-BE91-FA9EFEC42BD7}.Release|Any CPU.ActiveCfg = Release|Any CPU
		{B37F88B6-1F48-4665-BE91-FA9EFEC42BD7}.Release|Any CPU.Build.0 = Release|Any CPU
	EndGlobalSection
	GlobalSection(SolutionProperties) = preSolution
		HideSolutionNode = FALSE
	EndGlobalSection
	GlobalSection(ExtensibilityGlobals) = postSolution
		SolutionGuid = {F18DE552-12E8-42EC-9F3A-511800F8F549}
	EndGlobalSection
EndGlobal
